// !$*UTF8*$!
{
	archiveVersion = 1;
	classes = {
	};
	objectVersion = 77;
	objects = {

/* Begin PBXContainerItemProxy section */
		5E3AF7DC2E594A620016AD94 /* PBXContainerItemProxy */ = {
			isa = PBXContainerItemProxy;
			containerPortal = 5E3AF7C62E594A600016AD94 /* Project object */;
			proxyType = 1;
			remoteGlobalIDString = 5E3AF7CD2E594A600016AD94;
			remoteInfo = RickAndMortyIosIos;
		};
		5E3AF7E62E594A620016AD94 /* PBXContainerItemProxy */ = {
			isa = PBXContainerItemProxy;
			containerPortal = 5E3AF7C62E594A600016AD94 /* Project object */;
			proxyType = 1;
			remoteGlobalIDString = 5E3AF7CD2E594A600016AD94;
			remoteInfo = RickAndMortyIosIos;
		};
/* End PBXContainerItemProxy section */

/* Begin PBXFileReference section */
		5E3AF7CE2E594A600016AD94 /* RickAndMortyIosIos.app */ = {isa = PBXFileReference; explicitFileType = wrapper.application; includeInIndex = 0; path = RickAndMortyIosIos.app; sourceTree = BUILT_PRODUCTS_DIR; };
		5E3AF7DB2E594A620016AD94 /* RickAndMortyIosIosTests.xctest */ = {isa = PBXFileReference; explicitFileType = wrapper.cfbundle; includeInIndex = 0; path = RickAndMortyIosIosTests.xctest; sourceTree = BUILT_PRODUCTS_DIR; };
		5E3AF7E52E594A620016AD94 /* RickAndMortyIosIosUITests.xctest */ = {isa = PBXFileReference; explicitFileType = wrapper.cfbundle; includeInIndex = 0; path = RickAndMortyIosIosUITests.xctest; sourceTree = BUILT_PRODUCTS_DIR; };
/* End PBXFileReference section */

/* Begin PBXFileSystemSynchronizedRootGroup section */
		5E3AF7D02E594A600016AD94 /* RickAndMortyIosIos */ = {
			isa = PBXFileSystemSynchronizedRootGroup;
			path = RickAndMortyIosIos;
			sourceTree = "<group>";
		};
		5E3AF7DE2E594A620016AD94 /* RickAndMortyIosIosTests */ = {
			isa = PBXFileSystemSynchronizedRootGroup;
			path = RickAndMortyIosIosTests;
			sourceTree = "<group>";
		};
		5E3AF7E82E594A620016AD94 /* RickAndMortyIosIosUITests */ = {
			isa = PBXFileSystemSynchronizedRootGroup;
			path = RickAndMortyIosIosUITests;
			sourceTree = "<group>";
		};
/* End PBXFileSystemSynchronizedRootGroup section */

/* Begin PBXFrameworksBuildPhase section */
		5E3AF7CB2E594A600016AD94 /* Frameworks */ = {
			isa = PBXFrameworksBuildPhase;
			buildActionMask = 2147483647;
			files = (
			);
			runOnlyForDeploymentPostprocessing = 0;
		};
		5E3AF7D82E594A620016AD94 /* Frameworks */ = {
			isa = PBXFrameworksBuildPhase;
			buildActionMask = 2147483647;
			files = (
			);
			runOnlyForDeploymentPostprocessing = 0;
		};
		5E3AF7E22E594A620016AD94 /* Frameworks */ = {
			isa = PBXFrameworksBuildPhase;
			buildActionMask = 2147483647;
			files = (
			);
			runOnlyForDeploymentPostprocessing = 0;
		};
/* End PBXFrameworksBuildPhase section */

/* Begin PBXGroup section */
		5E3AF7C52E594A600016AD94 = {
			isa = PBXGroup;
			children = (
				5E3AF7D02E594A600016AD94 /* RickAndMortyIosIos */,
				5E3AF7DE2E594A620016AD94 /* RickAndMortyIosIosTests */,
				5E3AF7E82E594A620016AD94 /* RickAndMortyIosIosUITests */,
				5E3AF7CF2E594A600016AD94 /* Products */,
			);
			sourceTree = "<group>";
		};
		5E3AF7CF2E594A600016AD94 /* Products */ = {
			isa = PBXGroup;
			children = (
				5E3AF7CE2E594A600016AD94 /* RickAndMortyIosIos.app */,
				5E3AF7DB2E594A620016AD94 /* RickAndMortyIosIosTests.xctest */,
				5E3AF7E52E594A620016AD94 /* RickAndMortyIosIosUITests.xctest */,
			);
			name = Products;
			sourceTree = "<group>";
		};
/* End PBXGroup section */

/* Begin PBXNativeTarget section */
		5E3AF7CD2E594A600016AD94 /* RickAndMortyIosIos */ = {
			isa = PBXNativeTarget;
			buildConfigurationList = 5E3AF7EF2E594A620016AD94 /* Build configuration list for PBXNativeTarget "RickAndMortyIosIos" */;
			buildPhases = (
				5E3AF7F82E594A9B0016AD94 /* ShellScript */,
				5E3AF7CA2E594A600016AD94 /* Sources */,
				5E3AF7CB2E594A600016AD94 /* Frameworks */,
				5E3AF7CC2E594A600016AD94 /* Resources */,
			);
			buildRules = (
			);
			dependencies = (
			);
			fileSystemSynchronizedGroups = (
				5E3AF7D02E594A600016AD94 /* RickAndMortyIosIos */,
			);
			name = RickAndMortyIosIos;
			packageProductDependencies = (
			);
			productName = RickAndMortyIosIos;
			productReference = 5E3AF7CE2E594A600016AD94 /* RickAndMortyIosIos.app */;
			productType = "com.apple.product-type.application";
		};
		5E3AF7DA2E594A620016AD94 /* RickAndMortyIosIosTests */ = {
			isa = PBXNativeTarget;
			buildConfigurationList = 5E3AF7F22E594A620016AD94 /* Build configuration list for PBXNativeTarget "RickAndMortyIosIosTests" */;
			buildPhases = (
				5E3AF7D72E594A620016AD94 /* Sources */,
				5E3AF7D82E594A620016AD94 /* Frameworks */,
				5E3AF7D92E594A620016AD94 /* Resources */,
			);
			buildRules = (
			);
			dependencies = (
				5E3AF7DD2E594A620016AD94 /* PBXTargetDependency */,
			);
			fileSystemSynchronizedGroups = (
				5E3AF7DE2E594A620016AD94 /* RickAndMortyIosIosTests */,
			);
			name = RickAndMortyIosIosTests;
			packageProductDependencies = (
			);
			productName = RickAndMortyIosIosTests;
			productReference = 5E3AF7DB2E594A620016AD94 /* RickAndMortyIosIosTests.xctest */;
			productType = "com.apple.product-type.bundle.unit-test";
		};
		5E3AF7E42E594A620016AD94 /* RickAndMortyIosIosUITests */ = {
			isa = PBXNativeTarget;
			buildConfigurationList = 5E3AF7F52E594A620016AD94 /* Build configuration list for PBXNativeTarget "RickAndMortyIosIosUITests" */;
			buildPhases = (
				5E3AF7E12E594A620016AD94 /* Sources */,
				5E3AF7E22E594A620016AD94 /* Frameworks */,
				5E3AF7E32E594A620016AD94 /* Resources */,
			);
			buildRules = (
			);
			dependencies = (
				5E3AF7E72E594A620016AD94 /* PBXTargetDependency */,
			);
			fileSystemSynchronizedGroups = (
				5E3AF7E82E594A620016AD94 /* RickAndMortyIosIosUITests */,
			);
			name = RickAndMortyIosIosUITests;
			packageProductDependencies = (
			);
			productName = RickAndMortyIosIosUITests;
			productReference = 5E3AF7E52E594A620016AD94 /* RickAndMortyIosIosUITests.xctest */;
			productType = "com.apple.product-type.bundle.ui-testing";
		};
/* End PBXNativeTarget section */

/* Begin PBXProject section */
		5E3AF7C62E594A600016AD94 /* Project object */ = {
			isa = PBXProject;
			attributes = {
				BuildIndependentTargetsInParallel = 1;
				LastSwiftUpdateCheck = 1640;
				LastUpgradeCheck = 1640;
				TargetAttributes = {
					5E3AF7CD2E594A600016AD94 = {
						CreatedOnToolsVersion = 16.4;
					};
					5E3AF7DA2E594A620016AD94 = {
						CreatedOnToolsVersion = 16.4;
						TestTargetID = 5E3AF7CD2E594A600016AD94;
					};
					5E3AF7E42E594A620016AD94 = {
						CreatedOnToolsVersion = 16.4;
						TestTargetID = 5E3AF7CD2E594A600016AD94;
					};
				};
			};
			buildConfigurationList = 5E3AF7C92E594A600016AD94 /* Build configuration list for PBXProject "RickAndMortyIosIos" */;
			developmentRegion = en;
			hasScannedForEncodings = 0;
			knownRegions = (
				en,
				Base,
			);
			mainGroup = 5E3AF7C52E594A600016AD94;
			minimizedProjectReferenceProxies = 1;
			preferredProjectObjectVersion = 77;
			productRefGroup = 5E3AF7CF2E594A600016AD94 /* Products */;
			projectDirPath = "";
			projectRoot = "";
			targets = (
				5E3AF7CD2E594A600016AD94 /* RickAndMortyIosIos */,
				5E3AF7DA2E594A620016AD94 /* RickAndMortyIosIosTests */,
				5E3AF7E42E594A620016AD94 /* RickAndMortyIosIosUITests */,
			);
		};
/* End PBXProject section */

/* Begin PBXResourcesBuildPhase section */
		5E3AF7CC2E594A600016AD94 /* Resources */ = {
			isa = PBXResourcesBuildPhase;
			buildActionMask = 2147483647;
			files = (
			);
			runOnlyForDeploymentPostprocessing = 0;
		};
		5E3AF7D92E594A620016AD94 /* Resources */ = {
			isa = PBXResourcesBuildPhase;
			buildActionMask = 2147483647;
			files = (
			);
			runOnlyForDeploymentPostprocessing = 0;
		};
		5E3AF7E32E594A620016AD94 /* Resources */ = {
			isa = PBXResourcesBuildPhase;
			buildActionMask = 2147483647;
			files = (
			);
			runOnlyForDeploymentPostprocessing = 0;
		};
/* End PBXResourcesBuildPhase section */

/* Begin PBXShellScriptBuildPhase section */
		5E3AF7F82E594A9B0016AD94 /* ShellScript */ = {
			isa = PBXShellScriptBuildPhase;
			alwaysOutOfDate = 1;
			buildActionMask = 2147483647;
			files = (
			);
			inputFileListPaths = (
			);
			inputPaths = (
			);
			outputFileListPaths = (
			);
			outputPaths = (
			);
			runOnlyForDeploymentPostprocessing = 0;
			shellPath = /bin/sh;
			shellScript = "# Type a script or drag a script file from your workspace to insert its path.\ncd \"$SRCROOT/..\"\n./gradlew :shared:embedAndSignAppleFrameworkForXcode\n";
			showEnvVarsInLog = 0;
		};
/* End PBXShellScriptBuildPhase section */

/* Begin PBXSourcesBuildPhase section */
		5E3AF7CA2E594A600016AD94 /* Sources */ = {
			isa = PBXSourcesBuildPhase;
			buildActionMask = 2147483647;
			files = (
			);
			runOnlyForDeploymentPostprocessing = 0;
		};
		5E3AF7D72E594A620016AD94 /* Sources */ = {
			isa = PBXSourcesBuildPhase;
			buildActionMask = 2147483647;
			files = (
			);
			runOnlyForDeploymentPostprocessing = 0;
		};
		5E3AF7E12E594A620016AD94 /* Sources */ = {
			isa = PBXSourcesBuildPhase;
			buildActionMask = 2147483647;
			files = (
			);
			runOnlyForDeploymentPostprocessing = 0;
		};
/* End PBXSourcesBuildPhase section */

/* Begin PBXTargetDependency section */
		5E3AF7DD2E594A620016AD94 /* PBXTargetDependency */ = {
			isa = PBXTargetDependency;
			target = 5E3AF7CD2E594A600016AD94 /* RickAndMortyIosIos */;
			targetProxy = 5E3AF7DC2E594A620016AD94 /* PBXContainerItemProxy */;
		};
		5E3AF7E72E594A620016AD94 /* PBXTargetDependency */ = {
			isa = PBXTargetDependency;
			target = 5E3AF7CD2E594A600016AD94 /* RickAndMortyIosIos */;
			targetProxy = 5E3AF7E62E594A620016AD94 /* PBXContainerItemProxy */;
		};
/* End PBXTargetDependency section */

/* Begin XCBuildConfiguration section */
		5E3AF7ED2E594A620016AD94 /* Debug */ = {
			isa = XCBuildConfiguration;
			buildSettings = {
				ALWAYS_SEARCH_USER_PATHS = NO;
				ASSETCATALOG_COMPILER_GENERATE_SWIFT_ASSET_SYMBOL_EXTENSIONS = YES;
				CLANG_ANALYZER_NONNULL = YES;
				CLANG_ANALYZER_NUMBER_OBJECT_CONVERSION = YES_AGGRESSIVE;
				CLANG_CXX_LANGUAGE_STANDARD = "gnu++20";
				CLANG_ENABLE_MODULES = YES;
				CLANG_ENABLE_OBJC_ARC = YES;
				CLANG_ENABLE_OBJC_WEAK = YES;
				CLANG_WARN_BLOCK_CAPTURE_AUTORELEASING = YES;
				CLANG_WARN_BOOL_CONVERSION = YES;
				CLANG_WARN_COMMA = YES;
				CLANG_WARN_CONSTANT_CONVERSION = YES;
				CLANG_WARN_DEPRECATED_OBJC_IMPLEMENTATIONS = YES;
				CLANG_WARN_DIRECT_OBJC_ISA_USAGE = YES_ERROR;
				CLANG_WARN_DOCUMENTATION_COMMENTS = YES;
				CLANG_WARN_EMPTY_BODY = YES;
				CLANG_WARN_ENUM_CONVERSION = YES;
				CLANG_WARN_INFINITE_RECURSION = YES;
				CLANG_WARN_INT_CONVERSION = YES;
				CLANG_WARN_NON_LITERAL_NULL_CONVERSION = YES;
				CLANG_WARN_OBJC_IMPLICIT_RETAIN_SELF = YES;
				CLANG_WARN_OBJC_LITERAL_CONVERSION = YES;
				CLANG_WARN_OBJC_ROOT_CLASS = YES_ERROR;
				CLANG_WARN_QUOTED_INCLUDE_IN_FRAMEWORK_HEADER = YES;
				CLANG_WARN_RANGE_LOOP_ANALYSIS = YES;
				CLANG_WARN_STRICT_PROTOTYPES = YES;
				CLANG_WARN_SUSPICIOUS_MOVE = YES;
				CLANG_WARN_UNGUARDED_AVAILABILITY = YES_AGGRESSIVE;
				CLANG_WARN_UNREACHABLE_CODE = YES;
				CLANG_WARN__DUPLICATE_METHOD_MATCH = YES;
				COPY_PHASE_STRIP = NO;
				DEBUG_INFORMATION_FORMAT = dwarf;
				ENABLE_STRICT_OBJC_MSGSEND = YES;
				ENABLE_TESTABILITY = YES;
				ENABLE_USER_SCRIPT_SANDBOXING = NO;
				GCC_C_LANGUAGE_STANDARD = gnu17;
				GCC_DYNAMIC_NO_PIC = NO;
				GCC_NO_COMMON_BLOCKS = YES;
				GCC_OPTIMIZATION_LEVEL = 0;
				GCC_PREPROCESSOR_DEFINITIONS = (
					"DEBUG=1",
					"$(inherited)",
				);
				GCC_WARN_64_TO_32_BIT_CONVERSION = YES;
				GCC_WARN_ABOUT_RETURN_TYPE = YES_ERROR;
				GCC_WARN_UNDECLARED_SELECTOR = YES;
				GCC_WARN_UNINITIALIZED_AUTOS = YES_AGGRESSIVE;
				GCC_WARN_UNUSED_FUNCTION = YES;
				GCC_WARN_UNUSED_VARIABLE = YES;
				IPHONEOS_DEPLOYMENT_TARGET = 18.5;
				LOCALIZATION_PREFERS_STRING_CATALOGS = YES;
				MTL_ENABLE_DEBUG_INFO = INCLUDE_SOURCE;
				MTL_FAST_MATH = YES;
				ONLY_ACTIVE_ARCH = YES;
				SDKROOT = iphoneos;
				SWIFT_ACTIVE_COMPILATION_CONDITIONS = "DEBUG $(inherited)";
				SWIFT_OPTIMIZATION_LEVEL = "-Onone";
			};
			name = Debug;
		};
		5E3AF7EE2E594A620016AD94 /* Release */ = {
			isa = XCBuildConfiguration;
			buildSettings = {
				ALWAYS_SEARCH_USER_PATHS = NO;
				ASSETCATALOG_COMPILER_GENERATE_SWIFT_ASSET_SYMBOL_EXTENSIONS = YES;
				CLANG_ANALYZER_NONNULL = YES;
				CLANG_ANALYZER_NUMBER_OBJECT_CONVERSION = YES_AGGRESSIVE;
				CLANG_CXX_LANGUAGE_STANDARD = "gnu++20";
				CLANG_ENABLE_MODULES = YES;
				CLANG_ENABLE_OBJC_ARC = YES;
				CLANG_ENABLE_OBJC_WEAK = YES;
				CLANG_WARN_BLOCK_CAPTURE_AUTORELEASING = YES;
				CLANG_WARN_BOOL_CONVERSION = YES;
				CLANG_WARN_COMMA = YES;
				CLANG_WARN_CONSTANT_CONVERSION = YES;
				CLANG_WARN_DEPRECATED_OBJC_IMPLEMENTATIONS = YES;
				CLANG_WARN_DIRECT_OBJC_ISA_USAGE = YES_ERROR;
				CLANG_WARN_DOCUMENTATION_COMMENTS = YES;
				CLANG_WARN_EMPTY_BODY = YES;
				CLANG_WARN_ENUM_CONVERSION = YES;
				CLANG_WARN_INFINITE_RECURSION = YES;
				CLANG_WARN_INT_CONVERSION = YES;
				CLANG_WARN_NON_LITERAL_NULL_CONVERSION = YES;
				CLANG_WARN_OBJC_IMPLICIT_RETAIN_SELF = YES;
				CLANG_WARN_OBJC_LITERAL_CONVERSION = YES;
				CLANG_WARN_OBJC_ROOT_CLASS = YES_ERROR;
				CLANG_WARN_QUOTED_INCLUDE_IN_FRAMEWORK_HEADER = YES;
				CLANG_WARN_RANGE_LOOP_ANALYSIS = YES;
				CLANG_WARN_STRICT_PROTOTYPES = YES;
				CLANG_WARN_SUSPICIOUS_MOVE = YES;
				CLANG_WARN_UNGUARDED_AVAILABILITY = YES_AGGRESSIVE;
				CLANG_WARN_UNREACHABLE_CODE = YES;
				CLANG_WARN__DUPLICATE_METHOD_MATCH = YES;
				COPY_PHASE_STRIP = NO;
				DEBUG_INFORMATION_FORMAT = "dwarf-with-dsym";
				ENABLE_NS_ASSERTIONS = NO;
				ENABLE_STRICT_OBJC_MSGSEND = YES;
				ENABLE_USER_SCRIPT_SANDBOXING = NO;
				GCC_C_LANGUAGE_STANDARD = gnu17;
				GCC_NO_COMMON_BLOCKS = YES;
				GCC_WARN_64_TO_32_BIT_CONVERSION = YES;
				GCC_WARN_ABOUT_RETURN_TYPE = YES_ERROR;
				GCC_WARN_UNDECLARED_SELECTOR = YES;
				GCC_WARN_UNINITIALIZED_AUTOS = YES_AGGRESSIVE;
				GCC_WARN_UNUSED_FUNCTION = YES;
				GCC_WARN_UNUSED_VARIABLE = YES;
				IPHONEOS_DEPLOYMENT_TARGET = 18.5;
				LOCALIZATION_PREFERS_STRING_CATALOGS = YES;
				MTL_ENABLE_DEBUG_INFO = NO;
				MTL_FAST_MATH = YES;
				SDKROOT = iphoneos;
				SWIFT_COMPILATION_MODE = wholemodule;
				VALIDATE_PRODUCT = YES;
			};
			name = Release;
		};
		5E3AF7F02E594A620016AD94 /* Debug */ = {
			isa = XCBuildConfiguration;
			buildSettings = {
				ASSETCATALOG_COMPILER_APPICON_NAME = AppIcon;
				ASSETCATALOG_COMPILER_GLOBAL_ACCENT_COLOR_NAME = AccentColor;
				CODE_SIGN_STYLE = Automatic;
				CURRENT_PROJECT_VERSION = 1;
				ENABLE_PREVIEWS = YES;
				GENERATE_INFOPLIST_FILE = YES;
				INFOPLIST_KEY_UIApplicationSceneManifest_Generation = YES;
				INFOPLIST_KEY_UIApplicationSupportsIndirectInputEvents = YES;
				INFOPLIST_KEY_UILaunchScreen_Generation = YES;
				INFOPLIST_KEY_UISupportedInterfaceOrientations_iPad = "UIInterfaceOrientationPortrait UIInterfaceOrientationPortraitUpsideDown UIInterfaceOrientationLandscapeLeft UIInterfaceOrientationLandscapeRight";
				INFOPLIST_KEY_UISupportedInterfaceOrientations_iPhone = "UIInterfaceOrientationPortrait UIInterfaceOrientationLandscapeLeft UIInterfaceOrientationLandscapeRight";
				LD_RUNPATH_SEARCH_PATHS = (
					"$(inherited)",
					"@executable_path/Frameworks",
				);
				MARKETING_VERSION = 1.0;
				PRODUCT_BUNDLE_IDENTIFIER = com.example.RickAndMortyIosIos;
				PRODUCT_NAME = "$(TARGET_NAME)";
				SWIFT_EMIT_LOC_STRINGS = YES;
				SWIFT_VERSION = 5.0;
				TARGETED_DEVICE_FAMILY = "1,2";
			};
			name = Debug;
		};
		5E3AF7F12E594A620016AD94 /* Release */ = {
			isa = XCBuildConfiguration;
			buildSettings = {
				ASSETCATALOG_COMPILER_APPICON_NAME = AppIcon;
				ASSETCATALOG_COMPILER_GLOBAL_ACCENT_COLOR_NAME = AccentColor;
				CODE_SIGN_STYLE = Automatic;
				CURRENT_PROJECT_VERSION = 1;
				ENABLE_PREVIEWS = YES;
				GENERATE_INFOPLIST_FILE = YES;
				INFOPLIST_KEY_UIApplicationSceneManifest_Generation = YES;
				INFOPLIST_KEY_UIApplicationSupportsIndirectInputEvents = YES;
				INFOPLIST_KEY_UILaunchScreen_Generation = YES;
				INFOPLIST_KEY_UISupportedInterfaceOrientations_iPad = "UIInterfaceOrientationPortrait UIInterfaceOrientationPortraitUpsideDown UIInterfaceOrientationLandscapeLeft UIInterfaceOrientationLandscapeRight";
				INFOPLIST_KEY_UISupportedInterfaceOrientations_iPhone = "UIInterfaceOrientationPortrait UIInterfaceOrientationLandscapeLeft UIInterfaceOrientationLandscapeRight";
				LD_RUNPATH_SEARCH_PATHS = (
					"$(inherited)",
					"@executable_path/Frameworks",
				);
				MARKETING_VERSION = 1.0;
				PRODUCT_BUNDLE_IDENTIFIER = com.example.RickAndMortyIosIos;
				PRODUCT_NAME = "$(TARGET_NAME)";
				SWIFT_EMIT_LOC_STRINGS = YES;
				SWIFT_VERSION = 5.0;
				TARGETED_DEVICE_FAMILY = "1,2";
			};
			name = Release;
		};
		5E3AF7F32E594A620016AD94 /* Debug */ = {
			isa = XCBuildConfiguration;
			buildSettings = {
				BUNDLE_LOADER = "$(TEST_HOST)";
				CODE_SIGN_STYLE = Automatic;
				CURRENT_PROJECT_VERSION = 1;
				GENERATE_INFOPLIST_FILE = YES;
				IPHONEOS_DEPLOYMENT_TARGET = 18.5;
				MARKETING_VERSION = 1.0;
				PRODUCT_BUNDLE_IDENTIFIER = com.example.RickAndMortyIosIosTests;
				PRODUCT_NAME = "$(TARGET_NAME)";
				SWIFT_EMIT_LOC_STRINGS = NO;
				SWIFT_VERSION = 5.0;
				TARGETED_DEVICE_FAMILY = "1,2";
				TEST_HOST = "$(BUILT_PRODUCTS_DIR)/RickAndMortyIosIos.app/$(BUNDLE_EXECUTABLE_FOLDER_PATH)/RickAndMortyIosIos";
			};
			name = Debug;
		};
		5E3AF7F42E594A620016AD94 /* Release */ = {
			isa = XCBuildConfiguration;
			buildSettings = {
				BUNDLE_LOADER = "$(TEST_HOST)";
				CODE_SIGN_STYLE = Automatic;
				CURRENT_PROJECT_VERSION = 1;
				GENERATE_INFOPLIST_FILE = YES;
				IPHONEOS_DEPLOYMENT_TARGET = 18.5;
				MARKETING_VERSION = 1.0;
				PRODUCT_BUNDLE_IDENTIFIER = com.example.RickAndMortyIosIosTests;
				PRODUCT_NAME = "$(TARGET_NAME)";
				SWIFT_EMIT_LOC_STRINGS = NO;
				SWIFT_VERSION = 5.0;
				TARGETED_DEVICE_FAMILY = "1,2";
				TEST_HOST = "$(BUILT_PRODUCTS_DIR)/RickAndMortyIosIos.app/$(BUNDLE_EXECUTABLE_FOLDER_PATH)/RickAndMortyIosIos";
			};
			name = Release;
		};
		5E3AF7F62E594A620016AD94 /* Debug */ = {
			isa = XCBuildConfiguration;
			buildSettings = {
				CODE_SIGN_STYLE = Automatic;
				CURRENT_PROJECT_VERSION = 1;
				GENERATE_INFOPLIST_FILE = YES;
				MARKETING_VERSION = 1.0;
				PRODUCT_BUNDLE_IDENTIFIER = com.example.RickAndMortyIosIosUITests;
				PRODUCT_NAME = "$(TARGET_NAME)";
				SWIFT_EMIT_LOC_STRINGS = NO;
				SWIFT_VERSION = 5.0;
				TARGETED_DEVICE_FAMILY = "1,2";
				TEST_TARGET_NAME = RickAndMortyIosIos;
			};
			name = Debug;
		};
		5E3AF7F72E594A620016AD94 /* Release */ = {
			isa = XCBuildConfiguration;
			buildSettings = {
				CODE_SIGN_STYLE = Automatic;
				CURRENT_PROJECT_VERSION = 1;
				GENERATE_INFOPLIST_FILE = YES;
				MARKETING_VERSION = 1.0;
				PRODUCT_BUNDLE_IDENTIFIER = com.example.RickAndMortyIosIosUITests;
				PRODUCT_NAME = "$(TARGET_NAME)";
				SWIFT_EMIT_LOC_STRINGS = NO;
				SWIFT_VERSION = 5.0;
				TARGETED_DEVICE_FAMILY = "1,2";
				TEST_TARGET_NAME = RickAndMortyIosIos;
			};
			name = Release;
		};
/* End XCBuildConfiguration section */

/* Begin XCConfigurationList section */
		5E3AF7C92E594A600016AD94 /* Build configuration list for PBXProject "RickAndMortyIosIos" */ = {
			isa = XCConfigurationList;
			buildConfigurations = (
				5E3AF7ED2E594A620016AD94 /* Debug */,
				5E3AF7EE2E594A620016AD94 /* Release */,
			);
			defaultConfigurationIsVisible = 0;
			defaultConfigurationName = Release;
		};
		5E3AF7EF2E594A620016AD94 /* Build configuration list for PBXNativeTarget "RickAndMortyIosIos" */ = {
			isa = XCConfigurationList;
			buildConfigurations = (
				5E3AF7F02E594A620016AD94 /* Debug */,
				5E3AF7F12E594A620016AD94 /* Release */,
			);
			defaultConfigurationIsVisible = 0;
			defaultConfigurationName = Release;
		};
		5E3AF7F22E594A620016AD94 /* Build configuration list for PBXNativeTarget "RickAndMortyIosIosTests" */ = {
			isa = XCConfigurationList;
			buildConfigurations = (
				5E3AF7F32E594A620016AD94 /* Debug */,
				5E3AF7F42E594A620016AD94 /* Release */,
			);
			defaultConfigurationIsVisible = 0;
			defaultConfigurationName = Release;
		};
		5E3AF7F52E594A620016AD94 /* Build configuration list for PBXNativeTarget "RickAndMortyIosIosUITests" */ = {
			isa = XCConfigurationList;
			buildConfigurations = (
				5E3AF7F62E594A620016AD94 /* Debug */,
				5E3AF7F72E594A620016AD94 /* Release */,
			);
			defaultConfigurationIsVisible = 0;
			defaultConfigurationName = Release;
		};
/* End XCConfigurationList section */
	};
	rootObject = 5E3AF7C62E594A600016AD94 /* Project object */;
}
